
Microsoft Visual Studio Solution File, Format Version 12.00
# Visual Studio Version 17
VisualStudioVersion = 17.4.33205.214
MinimumVisualStudioVersion = 10.0.40219.1
Project("{FAE04EC0-301F-11D3-BF4B-00C04F79EFBC}") = "CarSalesViewer", "CarSalesViewer.csproj", "{9CAF9C24-FA59-4BE8-B085-FAC45474BFC2}"
EndProject
Global
	GlobalSection(SolutionConfigurationPlatforms) = preSolution
		Debug|Any CPU = Debug|Any CPU
		Release|Any CPU = Release|Any CPU
	EndGlobalSection
	GlobalSection(ProjectConfigurationPlatforms) = postSolution
		{9CAF9C24-FA59-4BE8-B085-FAC45474BFC2}.Debug|Any CPU.ActiveCfg = Debug|Any CPU
		{9CAF9C24-FA59-4BE8-B085-FAC45474BFC2}.Debug|Any CPU.Build.0 = Debug|Any CPU
		{9CAF9C24-FA59-4BE8-B085-FAC45474BFC2}.Release|Any CPU.ActiveCfg = Release|Any CPU
		{9CAF9C24-FA59-4BE8-B085-FAC45474BFC2}.Release|Any CPU.Build.0 = Release|Any CPU
	EndGlobalSection
	GlobalSection(SolutionProperties) = preSolution
		HideSolutionNode = FALSE
	EndGlobalSection
	GlobalSection(ExtensibilityGlobals) = postSolution
		SolutionGuid = {14E72799-3324-48B5-9AF0-24CDC14002FA}
	EndGlobalSection
EndGlobal
